<?xml version="1.0" encoding="utf-8"?>
<Project ToolsVersion="17.0" xmlns="http://schemas.microsoft.com/developer/msbuild/2003">
  <ItemGroup>
    <ClCompile Include="C:\Users\haojingyu\source\repos\ObjectSystem\System\Delegate.cpp">
      <Filter>Source</Filter>
    </ClCompile>
    <ClCompile Include="C:\Users\haojingyu\source\repos\ObjectSystem\System\System.cpp">
      <Filter>Source</Filter>
    </ClCompile>
    <ClCompile Include="C:\Users\haojingyu\source\repos\ObjectSystem\System\MathInstance.cpp">
      <Filter>Source</Filter>
    </ClCompile>
    <ClCompile Include="C:\Users\haojingyu\source\repos\ObjectSystem\System\Platform\Windows\FPlatformMisc.cpp">
      <Filter>windows</Filter>
    </ClCompile>
  </ItemGroup>
  <ItemGroup>
    <ClInclude Include="C:\Users\haojingyu\source\repos\ObjectSystem\System\Platform\PlatformConfig.h">
      <Filter>Source</Filter>
    </ClInclude>
    <ClInclude Include="C:\Users\haojingyu\source\repos\ObjectSystem\System\Platform\ThreadSafeOprator.h">
      <Filter>Source</Filter>
    </ClInclude>
    <ClInclude Include="C:\Users\haojingyu\source\repos\ObjectSystem\System\Delegate.h">
      <Filter>Source</Filter>
    </ClInclude>
    <ClInclude Include="C:\Users\haojingyu\source\repos\ObjectSystem\System\Macros.h">
      <Filter>Source</Filter>
    </ClInclude>
    <ClInclude Include="C:\Users\haojingyu\source\repos\ObjectSystem\System\SafeQueue.h">
      <Filter>Source</Filter>
    </ClInclude>
    <ClInclude Include="C:\Users\haojingyu\source\repos\ObjectSystem\System\System.h">
      <Filter>Source</Filter>
    </ClInclude>
    <ClInclude Include="C:\Users\haojingyu\source\repos\ObjectSystem\System\TypeHash.h">
      <Filter>Source</Filter>
    </ClInclude>
    <ClInclude Include="C:\Users\haojingyu\source\repos\ObjectSystem\System\Utility.hpp">
      <Filter>Source</Filter>
    </ClInclude>
    <ClInclude Include="C:\Users\haojingyu\source\repos\ObjectSystem\System\MathInstance.h">
      <Filter>Source</Filter>
    </ClInclude>
    <ClInclude Include="C:\Users\haojingyu\source\repos\ObjectSystem\System\Platform\Windows\FPlatformMisc.h">
      <Filter>windows</Filter>
    </ClInclude>
  </ItemGroup>
  <ItemGroup>
    <CustomBuild Include="C:\Users\haojingyu\source\repos\ObjectSystem\System\CMakeLists.txt" />
  </ItemGroup>
  <ItemGroup>
    <Filter Include="Source">
      <UniqueIdentifier>{FC103FBE-C3A4-31CD-986F-1523EB4A82BC}</UniqueIdentifier>
    </Filter>
    <Filter Include="windows">
      <UniqueIdentifier>{EAB9CEBC-4CEE-3C54-9BBA-403942F4E054}</UniqueIdentifier>
    </Filter>
  </ItemGroup>
</Project>
