<?xml version="1.0" encoding="utf-8"?>
<Project ToolsVersion="17.0" xmlns="http://schemas.microsoft.com/developer/msbuild/2003">
  <ItemGroup>
    <ClCompile Include="C:\Users\haojingyu\source\repos\ObjectSystem\Third\LuaVMLib\lapi.c">
      <Filter>Source Files</Filter>
    </ClCompile>
    <ClCompile Include="C:\Users\haojingyu\source\repos\ObjectSystem\Third\LuaVMLib\lauxlib.c">
      <Filter>Source Files</Filter>
    </ClCompile>
    <ClCompile Include="C:\Users\haojingyu\source\repos\ObjectSystem\Third\LuaVMLib\lbaselib.c">
      <Filter>Source Files</Filter>
    </ClCompile>
    <ClCompile Include="C:\Users\haojingyu\source\repos\ObjectSystem\Third\LuaVMLib\lbitlib.c">
      <Filter>Source Files</Filter>
    </ClCompile>
    <ClCompile Include="C:\Users\haojingyu\source\repos\ObjectSystem\Third\LuaVMLib\lcode.c">
      <Filter>Source Files</Filter>
    </ClCompile>
    <ClCompile Include="C:\Users\haojingyu\source\repos\ObjectSystem\Third\LuaVMLib\lcorolib.c">
      <Filter>Source Files</Filter>
    </ClCompile>
    <ClCompile Include="C:\Users\haojingyu\source\repos\ObjectSystem\Third\LuaVMLib\lctype.c">
      <Filter>Source Files</Filter>
    </ClCompile>
    <ClCompile Include="C:\Users\haojingyu\source\repos\ObjectSystem\Third\LuaVMLib\ldblib.c">
      <Filter>Source Files</Filter>
    </ClCompile>
    <ClCompile Include="C:\Users\haojingyu\source\repos\ObjectSystem\Third\LuaVMLib\ldebug.c">
      <Filter>Source Files</Filter>
    </ClCompile>
    <ClCompile Include="C:\Users\haojingyu\source\repos\ObjectSystem\Third\LuaVMLib\ldo.c">
      <Filter>Source Files</Filter>
    </ClCompile>
    <ClCompile Include="C:\Users\haojingyu\source\repos\ObjectSystem\Third\LuaVMLib\ldump.c">
      <Filter>Source Files</Filter>
    </ClCompile>
    <ClCompile Include="C:\Users\haojingyu\source\repos\ObjectSystem\Third\LuaVMLib\lfunc.c">
      <Filter>Source Files</Filter>
    </ClCompile>
    <ClCompile Include="C:\Users\haojingyu\source\repos\ObjectSystem\Third\LuaVMLib\lgc.c">
      <Filter>Source Files</Filter>
    </ClCompile>
    <ClCompile Include="C:\Users\haojingyu\source\repos\ObjectSystem\Third\LuaVMLib\linit.c">
      <Filter>Source Files</Filter>
    </ClCompile>
    <ClCompile Include="C:\Users\haojingyu\source\repos\ObjectSystem\Third\LuaVMLib\liolib.c">
      <Filter>Source Files</Filter>
    </ClCompile>
    <ClCompile Include="C:\Users\haojingyu\source\repos\ObjectSystem\Third\LuaVMLib\llex.c">
      <Filter>Source Files</Filter>
    </ClCompile>
    <ClCompile Include="C:\Users\haojingyu\source\repos\ObjectSystem\Third\LuaVMLib\lmathlib.c">
      <Filter>Source Files</Filter>
    </ClCompile>
    <ClCompile Include="C:\Users\haojingyu\source\repos\ObjectSystem\Third\LuaVMLib\lmem.c">
      <Filter>Source Files</Filter>
    </ClCompile>
    <ClCompile Include="C:\Users\haojingyu\source\repos\ObjectSystem\Third\LuaVMLib\loadlib.c">
      <Filter>Source Files</Filter>
    </ClCompile>
    <ClCompile Include="C:\Users\haojingyu\source\repos\ObjectSystem\Third\LuaVMLib\lobject.c">
      <Filter>Source Files</Filter>
    </ClCompile>
    <ClCompile Include="C:\Users\haojingyu\source\repos\ObjectSystem\Third\LuaVMLib\lopcodes.c">
      <Filter>Source Files</Filter>
    </ClCompile>
    <ClCompile Include="C:\Users\haojingyu\source\repos\ObjectSystem\Third\LuaVMLib\loslib.c">
      <Filter>Source Files</Filter>
    </ClCompile>
    <ClCompile Include="C:\Users\haojingyu\source\repos\ObjectSystem\Third\LuaVMLib\lparser.c">
      <Filter>Source Files</Filter>
    </ClCompile>
    <ClCompile Include="C:\Users\haojingyu\source\repos\ObjectSystem\Third\LuaVMLib\lstate.c">
      <Filter>Source Files</Filter>
    </ClCompile>
    <ClCompile Include="C:\Users\haojingyu\source\repos\ObjectSystem\Third\LuaVMLib\lstring.c">
      <Filter>Source Files</Filter>
    </ClCompile>
    <ClCompile Include="C:\Users\haojingyu\source\repos\ObjectSystem\Third\LuaVMLib\lstrlib.c">
      <Filter>Source Files</Filter>
    </ClCompile>
    <ClCompile Include="C:\Users\haojingyu\source\repos\ObjectSystem\Third\LuaVMLib\ltable.c">
      <Filter>Source Files</Filter>
    </ClCompile>
    <ClCompile Include="C:\Users\haojingyu\source\repos\ObjectSystem\Third\LuaVMLib\ltablib.c">
      <Filter>Source Files</Filter>
    </ClCompile>
    <ClCompile Include="C:\Users\haojingyu\source\repos\ObjectSystem\Third\LuaVMLib\ltm.c">
      <Filter>Source Files</Filter>
    </ClCompile>
    <ClCompile Include="C:\Users\haojingyu\source\repos\ObjectSystem\Third\LuaVMLib\lundump.c">
      <Filter>Source Files</Filter>
    </ClCompile>
    <ClCompile Include="C:\Users\haojingyu\source\repos\ObjectSystem\Third\LuaVMLib\lutf8lib.c">
      <Filter>Source Files</Filter>
    </ClCompile>
    <ClCompile Include="C:\Users\haojingyu\source\repos\ObjectSystem\Third\LuaVMLib\lvm.c">
      <Filter>Source Files</Filter>
    </ClCompile>
    <ClCompile Include="C:\Users\haojingyu\source\repos\ObjectSystem\Third\LuaVMLib\lzio.c">
      <Filter>Source Files</Filter>
    </ClCompile>
  </ItemGroup>
  <ItemGroup>
    <ClInclude Include="C:\Users\haojingyu\source\repos\ObjectSystem\Third\LuaVMLib\lapi.h">
      <Filter>Header Files</Filter>
    </ClInclude>
    <ClInclude Include="C:\Users\haojingyu\source\repos\ObjectSystem\Third\LuaVMLib\lauxlib.h">
      <Filter>Header Files</Filter>
    </ClInclude>
    <ClInclude Include="C:\Users\haojingyu\source\repos\ObjectSystem\Third\LuaVMLib\lcode.h">
      <Filter>Header Files</Filter>
    </ClInclude>
    <ClInclude Include="C:\Users\haojingyu\source\repos\ObjectSystem\Third\LuaVMLib\lctype.h">
      <Filter>Header Files</Filter>
    </ClInclude>
    <ClInclude Include="C:\Users\haojingyu\source\repos\ObjectSystem\Third\LuaVMLib\ldebug.h">
      <Filter>Header Files</Filter>
    </ClInclude>
    <ClInclude Include="C:\Users\haojingyu\source\repos\ObjectSystem\Third\LuaVMLib\ldo.h">
      <Filter>Header Files</Filter>
    </ClInclude>
    <ClInclude Include="C:\Users\haojingyu\source\repos\ObjectSystem\Third\LuaVMLib\lfunc.h">
      <Filter>Header Files</Filter>
    </ClInclude>
    <ClInclude Include="C:\Users\haojingyu\source\repos\ObjectSystem\Third\LuaVMLib\lgc.h">
      <Filter>Header Files</Filter>
    </ClInclude>
    <ClInclude Include="C:\Users\haojingyu\source\repos\ObjectSystem\Third\LuaVMLib\llex.h">
      <Filter>Header Files</Filter>
    </ClInclude>
    <ClInclude Include="C:\Users\haojingyu\source\repos\ObjectSystem\Third\LuaVMLib\llimits.h">
      <Filter>Header Files</Filter>
    </ClInclude>
    <ClInclude Include="C:\Users\haojingyu\source\repos\ObjectSystem\Third\LuaVMLib\lmem.h">
      <Filter>Header Files</Filter>
    </ClInclude>
    <ClInclude Include="C:\Users\haojingyu\source\repos\ObjectSystem\Third\LuaVMLib\lobject.h">
      <Filter>Header Files</Filter>
    </ClInclude>
    <ClInclude Include="C:\Users\haojingyu\source\repos\ObjectSystem\Third\LuaVMLib\lopcodes.h">
      <Filter>Header Files</Filter>
    </ClInclude>
    <ClInclude Include="C:\Users\haojingyu\source\repos\ObjectSystem\Third\LuaVMLib\lparser.h">
      <Filter>Header Files</Filter>
    </ClInclude>
    <ClInclude Include="C:\Users\haojingyu\source\repos\ObjectSystem\Third\LuaVMLib\lprefix.h">
      <Filter>Header Files</Filter>
    </ClInclude>
    <ClInclude Include="C:\Users\haojingyu\source\repos\ObjectSystem\Third\LuaVMLib\lstate.h">
      <Filter>Header Files</Filter>
    </ClInclude>
    <ClInclude Include="C:\Users\haojingyu\source\repos\ObjectSystem\Third\LuaVMLib\lstring.h">
      <Filter>Header Files</Filter>
    </ClInclude>
    <ClInclude Include="C:\Users\haojingyu\source\repos\ObjectSystem\Third\LuaVMLib\ltable.h">
      <Filter>Header Files</Filter>
    </ClInclude>
    <ClInclude Include="C:\Users\haojingyu\source\repos\ObjectSystem\Third\LuaVMLib\ltm.h">
      <Filter>Header Files</Filter>
    </ClInclude>
    <ClInclude Include="C:\Users\haojingyu\source\repos\ObjectSystem\Third\LuaVMLib\lua.h">
      <Filter>Header Files</Filter>
    </ClInclude>
    <ClInclude Include="C:\Users\haojingyu\source\repos\ObjectSystem\Third\LuaVMLib\luaconf.h">
      <Filter>Header Files</Filter>
    </ClInclude>
    <ClInclude Include="C:\Users\haojingyu\source\repos\ObjectSystem\Third\LuaVMLib\lualib.h">
      <Filter>Header Files</Filter>
    </ClInclude>
    <ClInclude Include="C:\Users\haojingyu\source\repos\ObjectSystem\Third\LuaVMLib\lundump.h">
      <Filter>Header Files</Filter>
    </ClInclude>
    <ClInclude Include="C:\Users\haojingyu\source\repos\ObjectSystem\Third\LuaVMLib\lvm.h">
      <Filter>Header Files</Filter>
    </ClInclude>
    <ClInclude Include="C:\Users\haojingyu\source\repos\ObjectSystem\Third\LuaVMLib\lzio.h">
      <Filter>Header Files</Filter>
    </ClInclude>
  </ItemGroup>
  <ItemGroup>
    <CustomBuild Include="C:\Users\haojingyu\source\repos\ObjectSystem\Third\LuaVMLib\CMakeLists.txt" />
  </ItemGroup>
  <ItemGroup>
    <Filter Include="Header Files">
      <UniqueIdentifier>{5A6DC2ED-D2B5-3E9A-BF31-3C84C1C008D1}</UniqueIdentifier>
    </Filter>
    <Filter Include="Source Files">
      <UniqueIdentifier>{0B415B46-C43A-3722-BDD6-BC38D7828125}</UniqueIdentifier>
    </Filter>
  </ItemGroup>
</Project>
