<?xml version="1.0" encoding="utf-8"?>
<Project ToolsVersion="17.0" xmlns="http://schemas.microsoft.com/developer/msbuild/2003">
  <ItemGroup>
    <ClCompile Include="C:\Users\haojingyu\source\repos\ObjectSystem\Third\json11\json11.cpp">
      <Filter>Source Files</Filter>
    </ClCompile>
  </ItemGroup>
  <ItemGroup>
    <CustomBuild Include="C:\Users\haojingyu\source\repos\ObjectSystem\Third\json11\CMakeLists.txt" />
  </ItemGroup>
  <ItemGroup>
    <Filter Include="Source Files">
      <UniqueIdentifier>{0B415B46-C43A-3722-BDD6-BC38D7828125}</UniqueIdentifier>
    </Filter>
  </ItemGroup>
</Project>
